// !$*UTF8*$!
{
	archiveVersion = 1;
	classes = {
	};
	objectVersion = 46;
	objects = {

/* Begin PBXBuildFile section */
		2802C4A81ACFF14100E77EA8 /* core.cpp in Sources */ = {isa = PBXBuildFile; fileRef = 2802C4A71ACFF14100E77EA8 /* core.cpp */; };
		2802C4AA1ACFF14800E77EA8 /* fbo.cpp in Sources */ = {isa = PBXBuildFile; fileRef = 2802C4A91ACFF14800E77EA8 /* fbo.cpp */; };
		2802C4AC1ACFF14B00E77EA8 /* memtransfer_factory.cpp in Sources */ = {isa = PBXBuildFile; fileRef = 2802C4AB1ACFF14B00E77EA8 /* memtransfer_factory.cpp */; };
		2802C4AE1ACFF15000E77EA8 /* memtransfer.cpp in Sources */ = {isa = PBXBuildFile; fileRef = 2802C4AD1ACFF15000E77EA8 /* memtransfer.cpp */; };
		2802C4B01ACFF15500E77EA8 /* shader.cpp in Sources */ = {isa = PBXBuildFile; fileRef = 2802C4AF1ACFF15500E77EA8 /* shader.cpp */; };
		2802C4B21ACFF16400E77EA8 /* filterprocbase.cpp in Sources */ = {isa = PBXBuildFile; fileRef = 2802C4B11ACFF16400E77EA8 /* filterprocbase.cpp */; };
		2802C4B41ACFF16900E77EA8 /* multipassproc.cpp in Sources */ = {isa = PBXBuildFile; fileRef = 2802C4B31ACFF16900E77EA8 /* multipassproc.cpp */; };
		2802C4B61ACFF16E00E77EA8 /* procbase.cpp in Sources */ = {isa = PBXBuildFile; fileRef = 2802C4B51ACFF16E00E77EA8 /* procbase.cpp */; };
		2802C4B81ACFF17300E77EA8 /* disp.cpp in Sources */ = {isa = PBXBuildFile; fileRef = 2802C4B71ACFF17300E77EA8 /* disp.cpp */; };
		2802C4BA1ACFF17A00E77EA8 /* grayscale.cpp in Sources */ = {isa = PBXBuildFile; fileRef = 2802C4B91ACFF17A00E77EA8 /* grayscale.cpp */; };
		2802C4BC1ACFF18500E77EA8 /* adapt_thresh_pass.cpp in Sources */ = {isa = PBXBuildFile; fileRef = 2802C4BB1ACFF18500E77EA8 /* adapt_thresh_pass.cpp */; };
		2802C4BE1ACFF18A00E77EA8 /* gauss_pass.cpp in Sources */ = {isa = PBXBuildFile; fileRef = 2802C4BD1ACFF18A00E77EA8 /* gauss_pass.cpp */; };
		2802C4C01ACFF18F00E77EA8 /* thresh.cpp in Sources */ = {isa = PBXBuildFile; fileRef = 2802C4BF1ACFF18F00E77EA8 /* thresh.cpp */; };
		2802C4C21ACFF19900E77EA8 /* tools.cpp in Sources */ = {isa = PBXBuildFile; fileRef = 2802C4C11ACFF19900E77EA8 /* tools.cpp */; };
		2802C4C41ACFF1B500E77EA8 /* memtransfer_ios.cpp in Sources */ = {isa = PBXBuildFile; fileRef = 2802C4C31ACFF1B500E77EA8 /* memtransfer_ios.cpp */; };
		2802C4C81ACFF20E00E77EA8 /* ogles_gpgpu.h in Headers */ = {isa = PBXBuildFile; fileRef = 2802C4A61ACFF0F300E77EA8 /* ogles_gpgpu.h */; settings = {ATTRIBUTES = (Public, ); }; };
		E73F067D1CA0A22D00E25650 /* common_includes.h in Headers */ = {isa = PBXBuildFile; fileRef = E73F05FF1CA0A22D00E25650 /* common_includes.h */; };
		E73F067E1CA0A22D00E25650 /* core.cpp in Sources */ = {isa = PBXBuildFile; fileRef = E73F06001CA0A22D00E25650 /* core.cpp */; };
		E73F067F1CA0A22D00E25650 /* core.h in Headers */ = {isa = PBXBuildFile; fileRef = E73F06011CA0A22D00E25650 /* core.h */; };
		E73F06801CA0A22E00E25650 /* fbo.cpp in Sources */ = {isa = PBXBuildFile; fileRef = E73F06031CA0A22D00E25650 /* fbo.cpp */; };
		E73F06811CA0A22E00E25650 /* fbo.h in Headers */ = {isa = PBXBuildFile; fileRef = E73F06041CA0A22D00E25650 /* fbo.h */; };
		E73F06821CA0A22E00E25650 /* memtransfer.cpp in Sources */ = {isa = PBXBuildFile; fileRef = E73F06051CA0A22D00E25650 /* memtransfer.cpp */; };
		E73F06831CA0A22E00E25650 /* memtransfer.h in Headers */ = {isa = PBXBuildFile; fileRef = E73F06061CA0A22D00E25650 /* memtransfer.h */; };
		E73F06841CA0A22E00E25650 /* memtransfer_factory.cpp in Sources */ = {isa = PBXBuildFile; fileRef = E73F06071CA0A22D00E25650 /* memtransfer_factory.cpp */; };
		E73F06851CA0A22E00E25650 /* memtransfer_factory.h in Headers */ = {isa = PBXBuildFile; fileRef = E73F06081CA0A22D00E25650 /* memtransfer_factory.h */; };
		E73F06861CA0A22E00E25650 /* memtransfer_optimized.h in Headers */ = {isa = PBXBuildFile; fileRef = E73F06091CA0A22D00E25650 /* memtransfer_optimized.h */; };
		E73F06871CA0A22E00E25650 /* shader.cpp in Sources */ = {isa = PBXBuildFile; fileRef = E73F060A1CA0A22D00E25650 /* shader.cpp */; };
		E73F06881CA0A22E00E25650 /* shader.h in Headers */ = {isa = PBXBuildFile; fileRef = E73F060B1CA0A22D00E25650 /* shader.h */; };
		E73F06891CA0A22E00E25650 /* macros.h in Headers */ = {isa = PBXBuildFile; fileRef = E73F060D1CA0A22D00E25650 /* macros.h */; };
		E73F068A1CA0A22E00E25650 /* adapt_thresh.h in Headers */ = {isa = PBXBuildFile; fileRef = E73F060F1CA0A22D00E25650 /* adapt_thresh.h */; };
		E73F068B1CA0A22E00E25650 /* filterprocbase.cpp in Sources */ = {isa = PBXBuildFile; fileRef = E73F06111CA0A22D00E25650 /* filterprocbase.cpp */; };
		E73F068C1CA0A22E00E25650 /* filterprocbase.h in Headers */ = {isa = PBXBuildFile; fileRef = E73F06121CA0A22D00E25650 /* filterprocbase.h */; };
		E73F068D1CA0A22E00E25650 /* multipassproc.cpp in Sources */ = {isa = PBXBuildFile; fileRef = E73F06131CA0A22D00E25650 /* multipassproc.cpp */; };
		E73F068E1CA0A22E00E25650 /* multipassproc.h in Headers */ = {isa = PBXBuildFile; fileRef = E73F06141CA0A22D00E25650 /* multipassproc.h */; };
		E73F06911CA0A22E00E25650 /* procbase.cpp in Sources */ = {isa = PBXBuildFile; fileRef = E73F06171CA0A22D00E25650 /* procbase.cpp */; };
		E73F06921CA0A22E00E25650 /* procbase.h in Headers */ = {isa = PBXBuildFile; fileRef = E73F06181CA0A22D00E25650 /* procbase.h */; };
		E73F06941CA0A22E00E25650 /* procinterface.h in Headers */ = {isa = PBXBuildFile; fileRef = E73F061A1CA0A22D00E25650 /* procinterface.h */; };
		E73F069A1CA0A22E00E25650 /* disp.cpp in Sources */ = {isa = PBXBuildFile; fileRef = E73F06211CA0A22D00E25650 /* disp.cpp */; };
		E73F069B1CA0A22E00E25650 /* disp.h in Headers */ = {isa = PBXBuildFile; fileRef = E73F06221CA0A22D00E25650 /* disp.h */; };
		E73F06A41CA0A22E00E25650 /* gauss.h in Headers */ = {isa = PBXBuildFile; fileRef = E73F062B1CA0A22D00E25650 /* gauss.h */; };
		E73F06A81CA0A22E00E25650 /* grayscale.cpp in Sources */ = {isa = PBXBuildFile; fileRef = E73F062F1CA0A22D00E25650 /* grayscale.cpp */; };
		E73F06A91CA0A22E00E25650 /* grayscale.h in Headers */ = {isa = PBXBuildFile; fileRef = E73F06301CA0A22D00E25650 /* grayscale.h */; };
		E73F06B51CA0A22E00E25650 /* adapt_thresh_pass.cpp in Sources */ = {isa = PBXBuildFile; fileRef = E73F063D1CA0A22D00E25650 /* adapt_thresh_pass.cpp */; };
		E73F06B61CA0A22E00E25650 /* adapt_thresh_pass.h in Headers */ = {isa = PBXBuildFile; fileRef = E73F063E1CA0A22D00E25650 /* adapt_thresh_pass.h */; };
		E73F06BB1CA0A22E00E25650 /* gauss_pass.cpp in Sources */ = {isa = PBXBuildFile; fileRef = E73F06431CA0A22D00E25650 /* gauss_pass.cpp */; };
		E73F06BC1CA0A22E00E25650 /* gauss_pass.h in Headers */ = {isa = PBXBuildFile; fileRef = E73F06441CA0A22D00E25650 /* gauss_pass.h */; };
		E73F06CB1CA0A22E00E25650 /* thresh.cpp in Sources */ = {isa = PBXBuildFile; fileRef = E73F06551CA0A22D00E25650 /* thresh.cpp */; };
		E73F06CC1CA0A22E00E25650 /* thresh.h in Headers */ = {isa = PBXBuildFile; fileRef = E73F06561CA0A22D00E25650 /* thresh.h */; };
		E73F06D51CA0A22E00E25650 /* tools.cpp in Sources */ = {isa = PBXBuildFile; fileRef = E73F06601CA0A22D00E25650 /* tools.cpp */; };
		E73F06D61CA0A22E00E25650 /* tools.h in Headers */ = {isa = PBXBuildFile; fileRef = E73F06611CA0A22D00E25650 /* tools.h */; };
		E73F06D81CA0A22E00E25650 /* types.h in Headers */ = {isa = PBXBuildFile; fileRef = E73F06631CA0A22D00E25650 /* types.h */; };
		E73F06E01CA0A22E00E25650 /* gl_includes.h in Headers */ = {isa = PBXBuildFile; fileRef = E73F066F1CA0A22D00E25650 /* gl_includes.h */; };
		E73F06E11CA0A22E00E25650 /* memtransfer_ios.cpp in Sources */ = {isa = PBXBuildFile; fileRef = E73F06701CA0A22D00E25650 /* memtransfer_ios.cpp */; };
		E73F06E21CA0A22E00E25650 /* memtransfer_ios.h in Headers */ = {isa = PBXBuildFile; fileRef = E73F06711CA0A22D00E25650 /* memtransfer_ios.h */; };
/* End PBXBuildFile section */

/* Begin PBXCopyFilesBuildPhase section */
		28CDEBAE1ACFF02000AF000D /* CopyFiles */ = {
			isa = PBXCopyFilesBuildPhase;
			buildActionMask = 2147483647;
			dstPath = "include/$(PRODUCT_NAME)";
			dstSubfolderSpec = 16;
			files = (
			);
			runOnlyForDeploymentPostprocessing = 0;
		};
/* End PBXCopyFilesBuildPhase section */

/* Begin PBXFileReference section */
		2802C4A61ACFF0F300E77EA8 /* ogles_gpgpu.h */ = {isa = PBXFileReference; fileEncoding = 4; lastKnownFileType = sourcecode.c.h; name = ogles_gpgpu.h; path = ../ogles_gpgpu/ogles_gpgpu.h; sourceTree = "<group>"; };
		2802C4A71ACFF14100E77EA8 /* core.cpp */ = {isa = PBXFileReference; lastKnownFileType = sourcecode.cpp.cpp; name = core.cpp; path = ../ogles_gpgpu/common/core.cpp; sourceTree = "<group>"; };
		2802C4A91ACFF14800E77EA8 /* fbo.cpp */ = {isa = PBXFileReference; lastKnownFileType = sourcecode.cpp.cpp; name = fbo.cpp; path = ../ogles_gpgpu/common/gl/fbo.cpp; sourceTree = "<group>"; };
		2802C4AB1ACFF14B00E77EA8 /* memtransfer_factory.cpp */ = {isa = PBXFileReference; lastKnownFileType = sourcecode.cpp.cpp; name = memtransfer_factory.cpp; path = ../ogles_gpgpu/common/gl/memtransfer_factory.cpp; sourceTree = "<group>"; };
		2802C4AD1ACFF15000E77EA8 /* memtransfer.cpp */ = {isa = PBXFileReference; lastKnownFileType = sourcecode.cpp.cpp; name = memtransfer.cpp; path = ../ogles_gpgpu/common/gl/memtransfer.cpp; sourceTree = "<group>"; };
		2802C4AF1ACFF15500E77EA8 /* shader.cpp */ = {isa = PBXFileReference; lastKnownFileType = sourcecode.cpp.cpp; name = shader.cpp; path = ../ogles_gpgpu/common/gl/shader.cpp; sourceTree = "<group>"; };
		2802C4B11ACFF16400E77EA8 /* filterprocbase.cpp */ = {isa = PBXFileReference; lastKnownFileType = sourcecode.cpp.cpp; name = filterprocbase.cpp; path = ../ogles_gpgpu/common/proc/base/filterprocbase.cpp; sourceTree = "<group>"; };
		2802C4B31ACFF16900E77EA8 /* multipassproc.cpp */ = {isa = PBXFileReference; lastKnownFileType = sourcecode.cpp.cpp; name = multipassproc.cpp; path = ../ogles_gpgpu/common/proc/base/multipassproc.cpp; sourceTree = "<group>"; };
		2802C4B51ACFF16E00E77EA8 /* procbase.cpp */ = {isa = PBXFileReference; lastKnownFileType = sourcecode.cpp.cpp; name = procbase.cpp; path = ../ogles_gpgpu/common/proc/base/procbase.cpp; sourceTree = "<group>"; };
		2802C4B71ACFF17300E77EA8 /* disp.cpp */ = {isa = PBXFileReference; lastKnownFileType = sourcecode.cpp.cpp; name = disp.cpp; path = ../ogles_gpgpu/common/proc/disp.cpp; sourceTree = "<group>"; };
		2802C4B91ACFF17A00E77EA8 /* grayscale.cpp */ = {isa = PBXFileReference; lastKnownFileType = sourcecode.cpp.cpp; name = grayscale.cpp; path = ../ogles_gpgpu/common/proc/grayscale.cpp; sourceTree = "<group>"; };
		2802C4BB1ACFF18500E77EA8 /* adapt_thresh_pass.cpp */ = {isa = PBXFileReference; lastKnownFileType = sourcecode.cpp.cpp; name = adapt_thresh_pass.cpp; path = ../ogles_gpgpu/common/proc/multipass/adapt_thresh_pass.cpp; sourceTree = "<group>"; };
		2802C4BD1ACFF18A00E77EA8 /* gauss_pass.cpp */ = {isa = PBXFileReference; lastKnownFileType = sourcecode.cpp.cpp; name = gauss_pass.cpp; path = ../ogles_gpgpu/common/proc/multipass/gauss_pass.cpp; sourceTree = "<group>"; };
		2802C4BF1ACFF18F00E77EA8 /* thresh.cpp */ = {isa = PBXFileReference; lastKnownFileType = sourcecode.cpp.cpp; name = thresh.cpp; path = ../ogles_gpgpu/common/proc/thresh.cpp; sourceTree = "<group>"; };
		2802C4C11ACFF19900E77EA8 /* tools.cpp */ = {isa = PBXFileReference; lastKnownFileType = sourcecode.cpp.cpp; name = tools.cpp; path = ../ogles_gpgpu/common/tools.cpp; sourceTree = "<group>"; };
		2802C4C31ACFF1B500E77EA8 /* memtransfer_ios.cpp */ = {isa = PBXFileReference; lastKnownFileType = sourcecode.cpp.cpp; name = memtransfer_ios.cpp; path = ../ogles_gpgpu/platform/ios/memtransfer_ios.cpp; sourceTree = "<group>"; };
		28CDEBB01ACFF02000AF000D /* libogles_gpgpu.a */ = {isa = PBXFileReference; explicitFileType = archive.ar; includeInIndex = 0; path = libogles_gpgpu.a; sourceTree = BUILT_PRODUCTS_DIR; };
		E73F05FF1CA0A22D00E25650 /* common_includes.h */ = {isa = PBXFileReference; fileEncoding = 4; lastKnownFileType = sourcecode.c.h; path = common_includes.h; sourceTree = "<group>"; };
		E73F06001CA0A22D00E25650 /* core.cpp */ = {isa = PBXFileReference; fileEncoding = 4; lastKnownFileType = sourcecode.cpp.cpp; path = core.cpp; sourceTree = "<group>"; };
		E73F06011CA0A22D00E25650 /* core.h */ = {isa = PBXFileReference; fileEncoding = 4; lastKnownFileType = sourcecode.c.h; path = core.h; sourceTree = "<group>"; };
		E73F06031CA0A22D00E25650 /* fbo.cpp */ = {isa = PBXFileReference; fileEncoding = 4; lastKnownFileType = sourcecode.cpp.cpp; path = fbo.cpp; sourceTree = "<group>"; };
		E73F06041CA0A22D00E25650 /* fbo.h */ = {isa = PBXFileReference; fileEncoding = 4; lastKnownFileType = sourcecode.c.h; path = fbo.h; sourceTree = "<group>"; };
		E73F06051CA0A22D00E25650 /* memtransfer.cpp */ = {isa = PBXFileReference; fileEncoding = 4; lastKnownFileType = sourcecode.cpp.cpp; path = memtransfer.cpp; sourceTree = "<group>"; };
		E73F06061CA0A22D00E25650 /* memtransfer.h */ = {isa = PBXFileReference; fileEncoding = 4; lastKnownFileType = sourcecode.c.h; path = memtransfer.h; sourceTree = "<group>"; };
		E73F06071CA0A22D00E25650 /* memtransfer_factory.cpp */ = {isa = PBXFileReference; fileEncoding = 4; lastKnownFileType = sourcecode.cpp.cpp; path = memtransfer_factory.cpp; sourceTree = "<group>"; };
		E73F06081CA0A22D00E25650 /* memtransfer_factory.h */ = {isa = PBXFileReference; fileEncoding = 4; lastKnownFileType = sourcecode.c.h; path = memtransfer_factory.h; sourceTree = "<group>"; };
		E73F06091CA0A22D00E25650 /* memtransfer_optimized.h */ = {isa = PBXFileReference; fileEncoding = 4; lastKnownFileType = sourcecode.c.h; path = memtransfer_optimized.h; sourceTree = "<group>"; };
		E73F060A1CA0A22D00E25650 /* shader.cpp */ = {isa = PBXFileReference; fileEncoding = 4; lastKnownFileType = sourcecode.cpp.cpp; path = shader.cpp; sourceTree = "<group>"; };
		E73F060B1CA0A22D00E25650 /* shader.h */ = {isa = PBXFileReference; fileEncoding = 4; lastKnownFileType = sourcecode.c.h; path = shader.h; sourceTree = "<group>"; };
		E73F060D1CA0A22D00E25650 /* macros.h */ = {isa = PBXFileReference; fileEncoding = 4; lastKnownFileType = sourcecode.c.h; path = macros.h; sourceTree = "<group>"; };
		E73F060F1CA0A22D00E25650 /* adapt_thresh.h */ = {isa = PBXFileReference; fileEncoding = 4; lastKnownFileType = sourcecode.c.h; path = adapt_thresh.h; sourceTree = "<group>"; };
		E73F06111CA0A22D00E25650 /* filterprocbase.cpp */ = {isa = PBXFileReference; fileEncoding = 4; lastKnownFileType = sourcecode.cpp.cpp; path = filterprocbase.cpp; sourceTree = "<group>"; };
		E73F06121CA0A22D00E25650 /* filterprocbase.h */ = {isa = PBXFileReference; fileEncoding = 4; lastKnownFileType = sourcecode.c.h; path = filterprocbase.h; sourceTree = "<group>"; };
		E73F06131CA0A22D00E25650 /* multipassproc.cpp */ = {isa = PBXFileReference; fileEncoding = 4; lastKnownFileType = sourcecode.cpp.cpp; path = multipassproc.cpp; sourceTree = "<group>"; };
		E73F06141CA0A22D00E25650 /* multipassproc.h */ = {isa = PBXFileReference; fileEncoding = 4; lastKnownFileType = sourcecode.c.h; path = multipassproc.h; sourceTree = "<group>"; };
		E73F06171CA0A22D00E25650 /* procbase.cpp */ = {isa = PBXFileReference; fileEncoding = 4; lastKnownFileType = sourcecode.cpp.cpp; path = procbase.cpp; sourceTree = "<group>"; };
		E73F06181CA0A22D00E25650 /* procbase.h */ = {isa = PBXFileReference; fileEncoding = 4; lastKnownFileType = sourcecode.c.h; path = procbase.h; sourceTree = "<group>"; };
		E73F061A1CA0A22D00E25650 /* procinterface.h */ = {isa = PBXFileReference; fileEncoding = 4; lastKnownFileType = sourcecode.c.h; path = procinterface.h; sourceTree = "<group>"; };
		E73F06211CA0A22D00E25650 /* disp.cpp */ = {isa = PBXFileReference; fileEncoding = 4; lastKnownFileType = sourcecode.cpp.cpp; path = disp.cpp; sourceTree = "<group>"; };
		E73F06221CA0A22D00E25650 /* disp.h */ = {isa = PBXFileReference; fileEncoding = 4; lastKnownFileType = sourcecode.c.h; path = disp.h; sourceTree = "<group>"; };
		E73F062B1CA0A22D00E25650 /* gauss.h */ = {isa = PBXFileReference; fileEncoding = 4; lastKnownFileType = sourcecode.c.h; path = gauss.h; sourceTree = "<group>"; };
		E73F062F1CA0A22D00E25650 /* grayscale.cpp */ = {isa = PBXFileReference; fileEncoding = 4; lastKnownFileType = sourcecode.cpp.cpp; path = grayscale.cpp; sourceTree = "<group>"; };
		E73F06301CA0A22D00E25650 /* grayscale.h */ = {isa = PBXFileReference; fileEncoding = 4; lastKnownFileType = sourcecode.c.h; path = grayscale.h; sourceTree = "<group>"; };
		E73F063D1CA0A22D00E25650 /* adapt_thresh_pass.cpp */ = {isa = PBXFileReference; fileEncoding = 4; lastKnownFileType = sourcecode.cpp.cpp; path = adapt_thresh_pass.cpp; sourceTree = "<group>"; };
		E73F063E1CA0A22D00E25650 /* adapt_thresh_pass.h */ = {isa = PBXFileReference; fileEncoding = 4; lastKnownFileType = sourcecode.c.h; path = adapt_thresh_pass.h; sourceTree = "<group>"; };
		E73F06431CA0A22D00E25650 /* gauss_pass.cpp */ = {isa = PBXFileReference; fileEncoding = 4; lastKnownFileType = sourcecode.cpp.cpp; path = gauss_pass.cpp; sourceTree = "<group>"; };
		E73F06441CA0A22D00E25650 /* gauss_pass.h */ = {isa = PBXFileReference; fileEncoding = 4; lastKnownFileType = sourcecode.c.h; path = gauss_pass.h; sourceTree = "<group>"; };
		E73F06551CA0A22D00E25650 /* thresh.cpp */ = {isa = PBXFileReference; fileEncoding = 4; lastKnownFileType = sourcecode.cpp.cpp; path = thresh.cpp; sourceTree = "<group>"; };
		E73F06561CA0A22D00E25650 /* thresh.h */ = {isa = PBXFileReference; fileEncoding = 4; lastKnownFileType = sourcecode.c.h; path = thresh.h; sourceTree = "<group>"; };
		E73F06601CA0A22D00E25650 /* tools.cpp */ = {isa = PBXFileReference; fileEncoding = 4; lastKnownFileType = sourcecode.cpp.cpp; path = tools.cpp; sourceTree = "<group>"; };
		E73F06611CA0A22D00E25650 /* tools.h */ = {isa = PBXFileReference; fileEncoding = 4; lastKnownFileType = sourcecode.c.h; path = tools.h; sourceTree = "<group>"; };
		E73F06631CA0A22D00E25650 /* types.h */ = {isa = PBXFileReference; fileEncoding = 4; lastKnownFileType = sourcecode.c.h; path = types.h; sourceTree = "<group>"; };
		E73F066F1CA0A22D00E25650 /* gl_includes.h */ = {isa = PBXFileReference; fileEncoding = 4; lastKnownFileType = sourcecode.c.h; path = gl_includes.h; sourceTree = "<group>"; };
		E73F06701CA0A22D00E25650 /* memtransfer_ios.cpp */ = {isa = PBXFileReference; fileEncoding = 4; lastKnownFileType = sourcecode.cpp.cpp; path = memtransfer_ios.cpp; sourceTree = "<group>"; };
		E73F06711CA0A22D00E25650 /* memtransfer_ios.h */ = {isa = PBXFileReference; fileEncoding = 4; lastKnownFileType = sourcecode.c.h; path = memtransfer_ios.h; sourceTree = "<group>"; };
/* End PBXFileReference section */

/* Begin PBXFrameworksBuildPhase section */
		28CDEBAD1ACFF02000AF000D /* Frameworks */ = {
			isa = PBXFrameworksBuildPhase;
			buildActionMask = 2147483647;
			files = (
			);
			runOnlyForDeploymentPostprocessing = 0;
		};
/* End PBXFrameworksBuildPhase section */

/* Begin PBXGroup section */
		2802C4A31ACFF09B00E77EA8 /* src */ = {
			isa = PBXGroup;
			children = (
				E73F05FE1CA0A22D00E25650 /* common */,
				E73F06641CA0A22D00E25650 /* platform */,
				2802C4A61ACFF0F300E77EA8 /* ogles_gpgpu.h */,
			);
			name = src;
			sourceTree = "<group>";
		};
		2802C4C51ACFF1C100E77EA8 /* compilationfiles */ = {
			isa = PBXGroup;
			children = (
				2802C4C31ACFF1B500E77EA8 /* memtransfer_ios.cpp */,
				2802C4C11ACFF19900E77EA8 /* tools.cpp */,
				2802C4BF1ACFF18F00E77EA8 /* thresh.cpp */,
				2802C4BD1ACFF18A00E77EA8 /* gauss_pass.cpp */,
				2802C4BB1ACFF18500E77EA8 /* adapt_thresh_pass.cpp */,
				2802C4B91ACFF17A00E77EA8 /* grayscale.cpp */,
				2802C4B71ACFF17300E77EA8 /* disp.cpp */,
				2802C4B51ACFF16E00E77EA8 /* procbase.cpp */,
				2802C4B31ACFF16900E77EA8 /* multipassproc.cpp */,
				2802C4B11ACFF16400E77EA8 /* filterprocbase.cpp */,
				2802C4AF1ACFF15500E77EA8 /* shader.cpp */,
				2802C4AD1ACFF15000E77EA8 /* memtransfer.cpp */,
				2802C4AB1ACFF14B00E77EA8 /* memtransfer_factory.cpp */,
				2802C4A91ACFF14800E77EA8 /* fbo.cpp */,
				2802C4A71ACFF14100E77EA8 /* core.cpp */,
			);
			name = compilationfiles;
			sourceTree = "<group>";
		};
		28CDEBA71ACFF02000AF000D = {
			isa = PBXGroup;
			children = (
				2802C4A31ACFF09B00E77EA8 /* src */,
				2802C4C51ACFF1C100E77EA8 /* compilationfiles */,
				28CDEBB11ACFF02000AF000D /* Products */,
			);
			sourceTree = "<group>";
		};
		28CDEBB11ACFF02000AF000D /* Products */ = {
			isa = PBXGroup;
			children = (
				28CDEBB01ACFF02000AF000D /* libogles_gpgpu.a */,
			);
			name = Products;
			sourceTree = "<group>";
		};
		E73F05FE1CA0A22D00E25650 /* common */ = {
			isa = PBXGroup;
			children = (
				E73F05FF1CA0A22D00E25650 /* common_includes.h */,
				E73F06001CA0A22D00E25650 /* core.cpp */,
				E73F06011CA0A22D00E25650 /* core.h */,
				E73F06021CA0A22D00E25650 /* gl */,
				E73F060D1CA0A22D00E25650 /* macros.h */,
				E73F060E1CA0A22D00E25650 /* proc */,
				E73F06601CA0A22D00E25650 /* tools.cpp */,
				E73F06611CA0A22D00E25650 /* tools.h */,
				E73F06631CA0A22D00E25650 /* types.h */,
			);
			name = common;
			path = ../ogles_gpgpu/common;
			sourceTree = "<group>";
		};
		E73F06021CA0A22D00E25650 /* gl */ = {
			isa = PBXGroup;
			children = (
				E73F06031CA0A22D00E25650 /* fbo.cpp */,
				E73F06041CA0A22D00E25650 /* fbo.h */,
				E73F06051CA0A22D00E25650 /* memtransfer.cpp */,
				E73F06061CA0A22D00E25650 /* memtransfer.h */,
				E73F06071CA0A22D00E25650 /* memtransfer_factory.cpp */,
				E73F06081CA0A22D00E25650 /* memtransfer_factory.h */,
				E73F06091CA0A22D00E25650 /* memtransfer_optimized.h */,
				E73F060A1CA0A22D00E25650 /* shader.cpp */,
				E73F060B1CA0A22D00E25650 /* shader.h */,
			);
			path = gl;
			sourceTree = "<group>";
		};
		E73F060E1CA0A22D00E25650 /* proc */ = {
			isa = PBXGroup;
			children = (
				E73F060F1CA0A22D00E25650 /* adapt_thresh.h */,
				E73F06101CA0A22D00E25650 /* base */,
				E73F06211CA0A22D00E25650 /* disp.cpp */,
				E73F06221CA0A22D00E25650 /* disp.h */,
				E73F062B1CA0A22D00E25650 /* gauss.h */,
				E73F062F1CA0A22D00E25650 /* grayscale.cpp */,
				E73F06301CA0A22D00E25650 /* grayscale.h */,
				E73F063C1CA0A22D00E25650 /* multipass */,
				E73F06551CA0A22D00E25650 /* thresh.cpp */,
				E73F06561CA0A22D00E25650 /* thresh.h */,
			);
			path = proc;
			sourceTree = "<group>";
		};
		E73F06101CA0A22D00E25650 /* base */ = {
			isa = PBXGroup;
			children = (
				E73F06111CA0A22D00E25650 /* filterprocbase.cpp */,
				E73F06121CA0A22D00E25650 /* filterprocbase.h */,
				E73F06131CA0A22D00E25650 /* multipassproc.cpp */,
				E73F06141CA0A22D00E25650 /* multipassproc.h */,
				E73F06171CA0A22D00E25650 /* procbase.cpp */,
				E73F06181CA0A22D00E25650 /* procbase.h */,
				E73F061A1CA0A22D00E25650 /* procinterface.h */,
			);
			path = base;
			sourceTree = "<group>";
		};
		E73F063C1CA0A22D00E25650 /* multipass */ = {
			isa = PBXGroup;
			children = (
				E73F063D1CA0A22D00E25650 /* adapt_thresh_pass.cpp */,
				E73F063E1CA0A22D00E25650 /* adapt_thresh_pass.h */,
				E73F06431CA0A22D00E25650 /* gauss_pass.cpp */,
				E73F06441CA0A22D00E25650 /* gauss_pass.h */,
			);
			path = multipass;
			sourceTree = "<group>";
		};
		E73F06641CA0A22D00E25650 /* platform */ = {
			isa = PBXGroup;
			children = (
				E73F066D1CA0A22D00E25650 /* ios */,
			);
			name = platform;
			path = ../ogles_gpgpu/platform;
			sourceTree = "<group>";
		};
		E73F066D1CA0A22D00E25650 /* ios */ = {
			isa = PBXGroup;
			children = (
				E73F066F1CA0A22D00E25650 /* gl_includes.h */,
				E73F06701CA0A22D00E25650 /* memtransfer_ios.cpp */,
				E73F06711CA0A22D00E25650 /* memtransfer_ios.h */,
			);
			path = ios;
			sourceTree = "<group>";
		};
/* End PBXGroup section */

/* Begin PBXHeadersBuildPhase section */
		2802C4C61ACFF1F900E77EA8 /* Headers */ = {
			isa = PBXHeadersBuildPhase;
			buildActionMask = 2147483647;
			files = (
				E73F06A41CA0A22E00E25650 /* gauss.h in Headers */,
				E73F06B61CA0A22E00E25650 /* adapt_thresh_pass.h in Headers */,
				E73F06E01CA0A22E00E25650 /* gl_includes.h in Headers */,
				E73F06E21CA0A22E00E25650 /* memtransfer_ios.h in Headers */,
				E73F068C1CA0A22E00E25650 /* filterprocbase.h in Headers */,
				E73F06A91CA0A22E00E25650 /* grayscale.h in Headers */,
				E73F06941CA0A22E00E25650 /* procinterface.h in Headers */,
				E73F067F1CA0A22D00E25650 /* core.h in Headers */,
				E73F06D61CA0A22E00E25650 /* tools.h in Headers */,
				E73F067D1CA0A22D00E25650 /* common_includes.h in Headers */,
				E73F06CC1CA0A22E00E25650 /* thresh.h in Headers */,
				E73F06851CA0A22E00E25650 /* memtransfer_factory.h in Headers */,
				E73F06811CA0A22E00E25650 /* fbo.h in Headers */,
				E73F06861CA0A22E00E25650 /* memtransfer_optimized.h in Headers */,
				E73F068A1CA0A22E00E25650 /* adapt_thresh.h in Headers */,
				E73F06891CA0A22E00E25650 /* macros.h in Headers */,
				E73F06921CA0A22E00E25650 /* procbase.h in Headers */,
				E73F06881CA0A22E00E25650 /* shader.h in Headers */,
				2802C4C81ACFF20E00E77EA8 /* ogles_gpgpu.h in Headers */,
				E73F06831CA0A22E00E25650 /* memtransfer.h in Headers */,
				E73F06D81CA0A22E00E25650 /* types.h in Headers */,
				E73F069B1CA0A22E00E25650 /* disp.h in Headers */,
				E73F06BC1CA0A22E00E25650 /* gauss_pass.h in Headers */,
				E73F068E1CA0A22E00E25650 /* multipassproc.h in Headers */,
			);
			runOnlyForDeploymentPostprocessing = 0;
		};
/* End PBXHeadersBuildPhase section */

/* Begin PBXNativeTarget section */
		28CDEBAF1ACFF02000AF000D /* ogles_gpgpu */ = {
			isa = PBXNativeTarget;
			buildConfigurationList = 28CDEBC41ACFF02000AF000D /* Build configuration list for PBXNativeTarget "ogles_gpgpu" */;
			buildPhases = (
				28CDEBAC1ACFF02000AF000D /* Sources */,
				28CDEBAD1ACFF02000AF000D /* Frameworks */,
				28CDEBAE1ACFF02000AF000D /* CopyFiles */,
				2802C4C61ACFF1F900E77EA8 /* Headers */,
				2802C4CA1ACFF29D00E77EA8 /* ShellScript */,
			);
			buildRules = (
			);
			dependencies = (
			);
			name = ogles_gpgpu;
			productName = ogles_gpgpu;
			productReference = 28CDEBB01ACFF02000AF000D /* libogles_gpgpu.a */;
			productType = "com.apple.product-type.library.static";
		};
/* End PBXNativeTarget section */

/* Begin PBXProject section */
		28CDEBA81ACFF02000AF000D /* Project object */ = {
			isa = PBXProject;
			attributes = {
				LastUpgradeCheck = 0620;
				ORGANIZATIONNAME = mkonrad.net;
				TargetAttributes = {
					28CDEBAF1ACFF02000AF000D = {
						CreatedOnToolsVersion = 6.2;
					};
				};
			};
			buildConfigurationList = 28CDEBAB1ACFF02000AF000D /* Build configuration list for PBXProject "ogles_gpgpu" */;
			compatibilityVersion = "Xcode 3.2";
			developmentRegion = English;
			hasScannedForEncodings = 0;
			knownRegions = (
				en,
			);
			mainGroup = 28CDEBA71ACFF02000AF000D;
			productRefGroup = 28CDEBB11ACFF02000AF000D /* Products */;
			projectDirPath = "";
			projectRoot = "";
			targets = (
				28CDEBAF1ACFF02000AF000D /* ogles_gpgpu */,
			);
		};
/* End PBXProject section */

/* Begin PBXShellScriptBuildPhase section */
		2802C4CA1ACFF29D00E77EA8 /* ShellScript */ = {
			isa = PBXShellScriptBuildPhase;
			buildActionMask = 2147483647;
			files = (
			);
			inputPaths = (
			);
			outputPaths = (
			);
			runOnlyForDeploymentPostprocessing = 0;
			shellPath = /bin/sh;
			shellScript = "find ${TARGET_BUILD_DIR}/include/${TARGET_NAME}  -name '*.cpp' -exec rm -f {} \\;";
		};
/* End PBXShellScriptBuildPhase section */

/* Begin PBXSourcesBuildPhase section */
		28CDEBAC1ACFF02000AF000D /* Sources */ = {
			isa = PBXSourcesBuildPhase;
			buildActionMask = 2147483647;
			files = (
				E73F06BB1CA0A22E00E25650 /* gauss_pass.cpp in Sources */,
				2802C4A81ACFF14100E77EA8 /* core.cpp in Sources */,
				2802C4AA1ACFF14800E77EA8 /* fbo.cpp in Sources */,
				E73F067E1CA0A22D00E25650 /* core.cpp in Sources */,
				2802C4AE1ACFF15000E77EA8 /* memtransfer.cpp in Sources */,
				E73F06CB1CA0A22E00E25650 /* thresh.cpp in Sources */,
				E73F069A1CA0A22E00E25650 /* disp.cpp in Sources */,
				2802C4AC1ACFF14B00E77EA8 /* memtransfer_factory.cpp in Sources */,
				2802C4B01ACFF15500E77EA8 /* shader.cpp in Sources */,
				E73F06821CA0A22E00E25650 /* memtransfer.cpp in Sources */,
				2802C4B21ACFF16400E77EA8 /* filterprocbase.cpp in Sources */,
				E73F068B1CA0A22E00E25650 /* filterprocbase.cpp in Sources */,
				2802C4B41ACFF16900E77EA8 /* multipassproc.cpp in Sources */,
				2802C4B61ACFF16E00E77EA8 /* procbase.cpp in Sources */,
				E73F06871CA0A22E00E25650 /* shader.cpp in Sources */,
				E73F06D51CA0A22E00E25650 /* tools.cpp in Sources */,
				2802C4B81ACFF17300E77EA8 /* disp.cpp in Sources */,
				E73F06841CA0A22E00E25650 /* memtransfer_factory.cpp in Sources */,
				E73F06801CA0A22E00E25650 /* fbo.cpp in Sources */,
				2802C4BA1ACFF17A00E77EA8 /* grayscale.cpp in Sources */,
				E73F06E11CA0A22E00E25650 /* memtransfer_ios.cpp in Sources */,
				2802C4BC1ACFF18500E77EA8 /* adapt_thresh_pass.cpp in Sources */,
				2802C4BE1ACFF18A00E77EA8 /* gauss_pass.cpp in Sources */,
				E73F06A81CA0A22E00E25650 /* grayscale.cpp in Sources */,
				E73F068D1CA0A22E00E25650 /* multipassproc.cpp in Sources */,
				E73F06B51CA0A22E00E25650 /* adapt_thresh_pass.cpp in Sources */,
				E73F06911CA0A22E00E25650 /* procbase.cpp in Sources */,
				2802C4C01ACFF18F00E77EA8 /* thresh.cpp in Sources */,
				2802C4C21ACFF19900E77EA8 /* tools.cpp in Sources */,
				2802C4C41ACFF1B500E77EA8 /* memtransfer_ios.cpp in Sources */,
			);
			runOnlyForDeploymentPostprocessing = 0;
		};
/* End PBXSourcesBuildPhase section */

/* Begin XCBuildConfiguration section */
		28CDEBC21ACFF02000AF000D /* Debug */ = {
			isa = XCBuildConfiguration;
			buildSettings = {
				ALWAYS_SEARCH_USER_PATHS = NO;
				CLANG_CXX_LANGUAGE_STANDARD = "gnu++0x";
				CLANG_CXX_LIBRARY = "libc++";
				CLANG_ENABLE_MODULES = YES;
				CLANG_ENABLE_OBJC_ARC = YES;
				CLANG_WARN_BOOL_CONVERSION = YES;
				CLANG_WARN_CONSTANT_CONVERSION = YES;
				CLANG_WARN_DIRECT_OBJC_ISA_USAGE = YES_ERROR;
				CLANG_WARN_EMPTY_BODY = YES;
				CLANG_WARN_ENUM_CONVERSION = YES;
				CLANG_WARN_INT_CONVERSION = YES;
				CLANG_WARN_OBJC_ROOT_CLASS = YES_ERROR;
				CLANG_WARN_UNREACHABLE_CODE = YES;
				CLANG_WARN__DUPLICATE_METHOD_MATCH = YES;
				COPY_PHASE_STRIP = NO;
				ENABLE_STRICT_OBJC_MSGSEND = YES;
				GCC_C_LANGUAGE_STANDARD = gnu99;
				GCC_DYNAMIC_NO_PIC = NO;
				GCC_OPTIMIZATION_LEVEL = 0;
				GCC_PREPROCESSOR_DEFINITIONS = (
					"DEBUG=1",
					"$(inherited)",
					OGLES_GPGPU_BENCHMARK,
				);
				GCC_SYMBOLS_PRIVATE_EXTERN = NO;
				GCC_WARN_64_TO_32_BIT_CONVERSION = YES;
				GCC_WARN_ABOUT_RETURN_TYPE = YES_ERROR;
				GCC_WARN_UNDECLARED_SELECTOR = YES;
				GCC_WARN_UNINITIALIZED_AUTOS = YES_AGGRESSIVE;
				GCC_WARN_UNUSED_FUNCTION = YES;
				GCC_WARN_UNUSED_VARIABLE = YES;
				IPHONEOS_DEPLOYMENT_TARGET = 8.2;
				MTL_ENABLE_DEBUG_INFO = YES;
				ONLY_ACTIVE_ARCH = YES;
				PUBLIC_HEADERS_FOLDER_PATH = "include/${PRODUCT_NAME}";
				SDKROOT = iphoneos;
				VALID_ARCHS = "arm64 armv7";
			};
			name = Debug;
		};
		28CDEBC31ACFF02000AF000D /* Release */ = {
			isa = XCBuildConfiguration;
			buildSettings = {
				ALWAYS_SEARCH_USER_PATHS = NO;
				CLANG_CXX_LANGUAGE_STANDARD = "gnu++0x";
				CLANG_CXX_LIBRARY = "libc++";
				CLANG_ENABLE_MODULES = YES;
				CLANG_ENABLE_OBJC_ARC = YES;
				CLANG_WARN_BOOL_CONVERSION = YES;
				CLANG_WARN_CONSTANT_CONVERSION = YES;
				CLANG_WARN_DIRECT_OBJC_ISA_USAGE = YES_ERROR;
				CLANG_WARN_EMPTY_BODY = YES;
				CLANG_WARN_ENUM_CONVERSION = YES;
				CLANG_WARN_INT_CONVERSION = YES;
				CLANG_WARN_OBJC_ROOT_CLASS = YES_ERROR;
				CLANG_WARN_UNREACHABLE_CODE = YES;
				CLANG_WARN__DUPLICATE_METHOD_MATCH = YES;
				COPY_PHASE_STRIP = NO;
				ENABLE_NS_ASSERTIONS = NO;
				ENABLE_STRICT_OBJC_MSGSEND = YES;
				GCC_C_LANGUAGE_STANDARD = gnu99;
				GCC_WARN_64_TO_32_BIT_CONVERSION = YES;
				GCC_WARN_ABOUT_RETURN_TYPE = YES_ERROR;
				GCC_WARN_UNDECLARED_SELECTOR = YES;
				GCC_WARN_UNINITIALIZED_AUTOS = YES_AGGRESSIVE;
				GCC_WARN_UNUSED_FUNCTION = YES;
				GCC_WARN_UNUSED_VARIABLE = YES;
				IPHONEOS_DEPLOYMENT_TARGET = 8.2;
				MTL_ENABLE_DEBUG_INFO = NO;
				PUBLIC_HEADERS_FOLDER_PATH = "include/${PRODUCT_NAME}";
				SDKROOT = iphoneos;
				VALIDATE_PRODUCT = YES;
				VALID_ARCHS = "arm64 armv7";
			};
			name = Release;
		};
		28CDEBC51ACFF02000AF000D /* Debug */ = {
			isa = XCBuildConfiguration;
			buildSettings = {
				HEADER_SEARCH_PATHS = (
					"$(PROJECT_DIR)/../ogles_gpgpu/platform",
					"$(PROJECT_DIR)/../ogles_gpgpu/common",
				);
				IPHONEOS_DEPLOYMENT_TARGET = 8.1;
				OTHER_LDFLAGS = "-ObjC";
				PRODUCT_NAME = "$(TARGET_NAME)";
				SKIP_INSTALL = YES;
			};
			name = Debug;
		};
		28CDEBC61ACFF02000AF000D /* Release */ = {
			isa = XCBuildConfiguration;
			buildSettings = {
				HEADER_SEARCH_PATHS = (
					"$(PROJECT_DIR)/../ogles_gpgpu/platform",
					"$(PROJECT_DIR)/../ogles_gpgpu/common",
				);
				IPHONEOS_DEPLOYMENT_TARGET = 8.1;
				OTHER_LDFLAGS = "-ObjC";
				PRODUCT_NAME = "$(TARGET_NAME)";
				SKIP_INSTALL = YES;
			};
			name = Release;
		};
/* End XCBuildConfiguration section */

/* Begin XCConfigurationList section */
		28CDEBAB1ACFF02000AF000D /* Build configuration list for PBXProject "ogles_gpgpu" */ = {
			isa = XCConfigurationList;
			buildConfigurations = (
				28CDEBC21ACFF02000AF000D /* Debug */,
				28CDEBC31ACFF02000AF000D /* Release */,
			);
			defaultConfigurationIsVisible = 0;
			defaultConfigurationName = Release;
		};
		28CDEBC41ACFF02000AF000D /* Build configuration list for PBXNativeTarget "ogles_gpgpu" */ = {
			isa = XCConfigurationList;
			buildConfigurations = (
				28CDEBC51ACFF02000AF000D /* Debug */,
				28CDEBC61ACFF02000AF000D /* Release */,
			);
			defaultConfigurationIsVisible = 0;
			defaultConfigurationName = Release;
		};
/* End XCConfigurationList section */
	};
	rootObject = 28CDEBA81ACFF02000AF000D /* Project object */;
}
